// !$*UTF8*$!
{
	archiveVersion = 1;
	classes = {
	};
	objectVersion = 56;
	objects = {

/* Begin PBXBuildFile section */
		2E580A212BF98B9D00A5BC5B /* Assets.xcassets in Resources */ = {isa = PBXBuildFile; fileRef = 2E580A202BF98B9D00A5BC5B /* Assets.xcassets */; };
		2E580A242BF98B9D00A5BC5B /* Preview Assets.xcassets in Resources */ = {isa = PBXBuildFile; fileRef = 2E580A232BF98B9D00A5BC5B /* Preview Assets.xcassets */; };
		2E580A2B2BF98BC300A5BC5B /* GoogleService-Info.plist in Resources */ = {isa = PBXBuildFile; fileRef = 2E580A2A2BF98BC300A5BC5B /* GoogleService-Info.plist */; };
		2E6BD83B2C325F87008056C9 /* ConfirmSafetyView.swift in Sources */ = {isa = PBXBuildFile; fileRef = 2E6BD83A2C325F87008056C9 /* ConfirmSafetyView.swift */; };
		2E7E4BAF2BF99AE1004226AD /* LocationAlertInfoView.swift in Sources */ = {isa = PBXBuildFile; fileRef = 2E7E4BAE2BF99AE1004226AD /* LocationAlertInfoView.swift */; };
		2E7E4BB12BF99AFA004226AD /* InfoView.swift in Sources */ = {isa = PBXBuildFile; fileRef = 2E7E4BB02BF99AFA004226AD /* InfoView.swift */; };
		2E7E4BB32BF99B10004226AD /* HomeView.swift in Sources */ = {isa = PBXBuildFile; fileRef = 2E7E4BB22BF99B10004226AD /* HomeView.swift */; };
		2E7E4BB52BF99B21004226AD /* CustomSearchBar.swift in Sources */ = {isa = PBXBuildFile; fileRef = 2E7E4BB42BF99B21004226AD /* CustomSearchBar.swift */; };
		2E7E4BB72BF99B32004226AD /* CreateNewLocationView.swift in Sources */ = {isa = PBXBuildFile; fileRef = 2E7E4BB62BF99B32004226AD /* CreateNewLocationView.swift */; };
		2E7E4BB92BF99B3F004226AD /* ConfirmVideoUploadView.swift in Sources */ = {isa = PBXBuildFile; fileRef = 2E7E4BB82BF99B3F004226AD /* ConfirmVideoUploadView.swift */; };
		2E7E4BBB2BF99BA0004226AD /* Icons.xcassets in Resources */ = {isa = PBXBuildFile; fileRef = 2E7E4BBA2BF99BA0004226AD /* Icons.xcassets */; };
		2E7E4BBE2BF99C82004226AD /* AdminSettingsView.swift in Sources */ = {isa = PBXBuildFile; fileRef = 2E7E4BBD2BF99C82004226AD /* AdminSettingsView.swift */; };
		2E7E4BC22BF99C8E004226AD /* ChangePasswordView.swift in Sources */ = {isa = PBXBuildFile; fileRef = 2E7E4BC12BF99C8E004226AD /* ChangePasswordView.swift */; };
		2E7E4BC42BF99C93004226AD /* ConnectStripeView.swift in Sources */ = {isa = PBXBuildFile; fileRef = 2E7E4BC32BF99C93004226AD /* ConnectStripeView.swift */; };
		2E7E4BC62BF99C99004226AD /* DeleteAccountView.swift in Sources */ = {isa = PBXBuildFile; fileRef = 2E7E4BC52BF99C99004226AD /* DeleteAccountView.swift */; };
		2E7E4BC82BF99C9E004226AD /* ImagePicker.swift in Sources */ = {isa = PBXBuildFile; fileRef = 2E7E4BC72BF99C9E004226AD /* ImagePicker.swift */; };
		2E7E4BCA2BF99CA3004226AD /* SettingsView.swift in Sources */ = {isa = PBXBuildFile; fileRef = 2E7E4BC92BF99CA3004226AD /* SettingsView.swift */; };
		2E7E4BCC2BF99CA8004226AD /* SideMenuView.swift in Sources */ = {isa = PBXBuildFile; fileRef = 2E7E4BCB2BF99CA8004226AD /* SideMenuView.swift */; };
		2E7E4BCE2BF99CAC004226AD /* StoreManager.swift in Sources */ = {isa = PBXBuildFile; fileRef = 2E7E4BCD2BF99CAC004226AD /* StoreManager.swift */; };
		2E7E4BD02BF99CB1004226AD /* StripeOnboardingViewModel.swift in Sources */ = {isa = PBXBuildFile; fileRef = 2E7E4BCF2BF99CB1004226AD /* StripeOnboardingViewModel.swift */; };
		2E7E4BD22BF99CBB004226AD /* TOSView.swift in Sources */ = {isa = PBXBuildFile; fileRef = 2E7E4BD12BF99CBB004226AD /* TOSView.swift */; };
		2E7E4BD42BF99CC0004226AD /* UpgradePremiumView.swift in Sources */ = {isa = PBXBuildFile; fileRef = 2E7E4BD32BF99CC0004226AD /* UpgradePremiumView.swift */; };
		2E7E4BD62BF99CC5004226AD /* WithdrawView.swift in Sources */ = {isa = PBXBuildFile; fileRef = 2E7E4BD52BF99CC5004226AD /* WithdrawView.swift */; };
		2E7E4BD92BF99CF2004226AD /* CreateAccountView.swift in Sources */ = {isa = PBXBuildFile; fileRef = 2E7E4BD82BF99CF2004226AD /* CreateAccountView.swift */; };
		2E7E4BDB2BF99CF6004226AD /* ErrorMessageModal.swift in Sources */ = {isa = PBXBuildFile; fileRef = 2E7E4BDA2BF99CF6004226AD /* ErrorMessageModal.swift */; };
		2E7E4BDD2BF99CFB004226AD /* InitialView.swift in Sources */ = {isa = PBXBuildFile; fileRef = 2E7E4BDC2BF99CFB004226AD /* InitialView.swift */; };
		2E7E4BDF2BF99D00004226AD /* LoginView.swift in Sources */ = {isa = PBXBuildFile; fileRef = 2E7E4BDE2BF99D00004226AD /* LoginView.swift */; };
		2E7E4BE12BF99D06004226AD /* PasswordResetModal.swift in Sources */ = {isa = PBXBuildFile; fileRef = 2E7E4BE02BF99D06004226AD /* PasswordResetModal.swift */; };
		2E7E4BE32BF99D0B004226AD /* SplashScreen.swift in Sources */ = {isa = PBXBuildFile; fileRef = 2E7E4BE22BF99D0B004226AD /* SplashScreen.swift */; };
		2E7E4BEB2BF9A0A3004226AD /* Stripe in Frameworks */ = {isa = PBXBuildFile; productRef = 2E7E4BEA2BF9A0A3004226AD /* Stripe */; };
		2E7E4BED2BF9A0A3004226AD /* StripeApplePay in Frameworks */ = {isa = PBXBuildFile; productRef = 2E7E4BEC2BF9A0A3004226AD /* StripeApplePay */; };
		2E7E4BEF2BF9A0A3004226AD /* StripeCardScan in Frameworks */ = {isa = PBXBuildFile; productRef = 2E7E4BEE2BF9A0A3004226AD /* StripeCardScan */; };
		2E7E4BF12BF9A0A3004226AD /* StripeFinancialConnections in Frameworks */ = {isa = PBXBuildFile; productRef = 2E7E4BF02BF9A0A3004226AD /* StripeFinancialConnections */; };
		2E7E4BF32BF9A0A3004226AD /* StripeIdentity in Frameworks */ = {isa = PBXBuildFile; productRef = 2E7E4BF22BF9A0A3004226AD /* StripeIdentity */; };
		2E7E4BF52BF9A0A3004226AD /* StripePaymentSheet in Frameworks */ = {isa = PBXBuildFile; productRef = 2E7E4BF42BF9A0A3004226AD /* StripePaymentSheet */; };
		2E7E4BF72BF9A0A3004226AD /* StripePayments in Frameworks */ = {isa = PBXBuildFile; productRef = 2E7E4BF62BF9A0A3004226AD /* StripePayments */; };
		2E7E4BF92BF9A0A3004226AD /* StripePaymentsUI in Frameworks */ = {isa = PBXBuildFile; productRef = 2E7E4BF82BF9A0A3004226AD /* StripePaymentsUI */; };
		2E7E4BFB2BF9A25D004226AD /* AboutView.swift in Sources */ = {isa = PBXBuildFile; fileRef = 2E7E4BFA2BF9A25D004226AD /* AboutView.swift */; };
		2E84AB2A2BF996A900699D15 /* CurrentUserViewModel.swift in Sources */ = {isa = PBXBuildFile; fileRef = 2E84AB292BF996A900699D15 /* CurrentUserViewModel.swift */; };
		2E84AB2E2BF996C800699D15 /* SceneDelegate.swift in Sources */ = {isa = PBXBuildFile; fileRef = 2E84AB2B2BF996C800699D15 /* SceneDelegate.swift */; };
		2E84AB2F2BF996C800699D15 /* LocationViewModel.swift in Sources */ = {isa = PBXBuildFile; fileRef = 2E84AB2C2BF996C800699D15 /* LocationViewModel.swift */; };
		2E84AB302BF996C800699D15 /* MotherView.swift in Sources */ = {isa = PBXBuildFile; fileRef = 2E84AB2D2BF996C800699D15 /* MotherView.swift */; };
		2E84AB332BF9971200699D15 /* FirebaseAuth in Frameworks */ = {isa = PBXBuildFile; productRef = 2E84AB322BF9971200699D15 /* FirebaseAuth */; };
		2E84AB352BF9971200699D15 /* FirebaseFirestore in Frameworks */ = {isa = PBXBuildFile; productRef = 2E84AB342BF9971200699D15 /* FirebaseFirestore */; };
		2E84AB372BF9971200699D15 /* FirebaseFirestoreSwift in Frameworks */ = {isa = PBXBuildFile; productRef = 2E84AB362BF9971200699D15 /* FirebaseFirestoreSwift */; };
		2E84AB392BF9971200699D15 /* FirebaseStorage in Frameworks */ = {isa = PBXBuildFile; productRef = 2E84AB382BF9971200699D15 /* FirebaseStorage */; };
		2E84AB3B2BF997DC00699D15 /* AppDelegate.swift in Sources */ = {isa = PBXBuildFile; fileRef = 2E84AB3A2BF997DC00699D15 /* AppDelegate.swift */; };
		2E84AB3E2BF999A200699D15 /* Views.swift in Sources */ = {isa = PBXBuildFile; fileRef = 2E84AB3D2BF999A200699D15 /* Views.swift */; };
		2E84AB402BF999B700699D15 /* Functions.swift in Sources */ = {isa = PBXBuildFile; fileRef = 2E84AB3F2BF999B700699D15 /* Functions.swift */; };
		2E84AB422BF999C200699D15 /* Extensions.swift in Sources */ = {isa = PBXBuildFile; fileRef = 2E84AB412BF999C200699D15 /* Extensions.swift */; };
		2E84AB442BF999D000699D15 /* CachedAsyncImageView.swift in Sources */ = {isa = PBXBuildFile; fileRef = 2E84AB432BF999D000699D15 /* CachedAsyncImageView.swift */; };
		2E84AB482BF99A8700699D15 /* VideoUploadViewModel.swift in Sources */ = {isa = PBXBuildFile; fileRef = 2E84AB472BF99A8700699D15 /* VideoUploadViewModel.swift */; };
		2E84AB4A2BF99AA000699D15 /* VideoCaptureView.swift in Sources */ = {isa = PBXBuildFile; fileRef = 2E84AB492BF99AA000699D15 /* VideoCaptureView.swift */; };
		2E941B302C46E22000ECFA0A /* PrivacyPolicyView.swift in Sources */ = {isa = PBXBuildFile; fileRef = 2E941B2F2C46E22000ECFA0A /* PrivacyPolicyView.swift */; };
/* End PBXBuildFile section */

/* Begin PBXFileReference section */
		2E580A192BF98B9C00A5BC5B /* Panic Attack.app */ = {isa = PBXFileReference; explicitFileType = wrapper.application; includeInIndex = 0; path = "Panic Attack.app"; sourceTree = BUILT_PRODUCTS_DIR; };
		2E580A202BF98B9D00A5BC5B /* Assets.xcassets */ = {isa = PBXFileReference; lastKnownFileType = folder.assetcatalog; path = Assets.xcassets; sourceTree = "<group>"; };
		2E580A232BF98B9D00A5BC5B /* Preview Assets.xcassets */ = {isa = PBXFileReference; lastKnownFileType = folder.assetcatalog; path = "Preview Assets.xcassets"; sourceTree = "<group>"; };
		2E580A2A2BF98BC300A5BC5B /* GoogleService-Info.plist */ = {isa = PBXFileReference; fileEncoding = 4; lastKnownFileType = text.plist.xml; path = "GoogleService-Info.plist"; sourceTree = "<group>"; };
		2E6BD83A2C325F87008056C9 /* ConfirmSafetyView.swift */ = {isa = PBXFileReference; lastKnownFileType = sourcecode.swift; path = ConfirmSafetyView.swift; sourceTree = "<group>"; };
		2E7E4BAE2BF99AE1004226AD /* LocationAlertInfoView.swift */ = {isa = PBXFileReference; lastKnownFileType = sourcecode.swift; path = LocationAlertInfoView.swift; sourceTree = "<group>"; };
		2E7E4BB02BF99AFA004226AD /* InfoView.swift */ = {isa = PBXFileReference; lastKnownFileType = sourcecode.swift; path = InfoView.swift; sourceTree = "<group>"; };
		2E7E4BB22BF99B10004226AD /* HomeView.swift */ = {isa = PBXFileReference; lastKnownFileType = sourcecode.swift; path = HomeView.swift; sourceTree = "<group>"; };
		2E7E4BB42BF99B21004226AD /* CustomSearchBar.swift */ = {isa = PBXFileReference; lastKnownFileType = sourcecode.swift; path = CustomSearchBar.swift; sourceTree = "<group>"; };
		2E7E4BB62BF99B32004226AD /* CreateNewLocationView.swift */ = {isa = PBXFileReference; lastKnownFileType = sourcecode.swift; path = CreateNewLocationView.swift; sourceTree = "<group>"; };
		2E7E4BB82BF99B3F004226AD /* ConfirmVideoUploadView.swift */ = {isa = PBXFileReference; lastKnownFileType = sourcecode.swift; path = ConfirmVideoUploadView.swift; sourceTree = "<group>"; };
		2E7E4BBA2BF99BA0004226AD /* Icons.xcassets */ = {isa = PBXFileReference; lastKnownFileType = folder.assetcatalog; path = Icons.xcassets; sourceTree = "<group>"; };
		2E7E4BBD2BF99C82004226AD /* AdminSettingsView.swift */ = {isa = PBXFileReference; fileEncoding = 4; lastKnownFileType = sourcecode.swift; path = AdminSettingsView.swift; sourceTree = "<group>"; };
		2E7E4BC12BF99C8E004226AD /* ChangePasswordView.swift */ = {isa = PBXFileReference; fileEncoding = 4; lastKnownFileType = sourcecode.swift; path = ChangePasswordView.swift; sourceTree = "<group>"; };
		2E7E4BC32BF99C93004226AD /* ConnectStripeView.swift */ = {isa = PBXFileReference; fileEncoding = 4; lastKnownFileType = sourcecode.swift; path = ConnectStripeView.swift; sourceTree = "<group>"; };
		2E7E4BC52BF99C99004226AD /* DeleteAccountView.swift */ = {isa = PBXFileReference; fileEncoding = 4; lastKnownFileType = sourcecode.swift; path = DeleteAccountView.swift; sourceTree = "<group>"; };
		2E7E4BC72BF99C9E004226AD /* ImagePicker.swift */ = {isa = PBXFileReference; fileEncoding = 4; lastKnownFileType = sourcecode.swift; path = ImagePicker.swift; sourceTree = "<group>"; };
		2E7E4BC92BF99CA3004226AD /* SettingsView.swift */ = {isa = PBXFileReference; fileEncoding = 4; lastKnownFileType = sourcecode.swift; path = SettingsView.swift; sourceTree = "<group>"; };
		2E7E4BCB2BF99CA8004226AD /* SideMenuView.swift */ = {isa = PBXFileReference; fileEncoding = 4; lastKnownFileType = sourcecode.swift; path = SideMenuView.swift; sourceTree = "<group>"; };
		2E7E4BCD2BF99CAC004226AD /* StoreManager.swift */ = {isa = PBXFileReference; fileEncoding = 4; lastKnownFileType = sourcecode.swift; path = StoreManager.swift; sourceTree = "<group>"; };
		2E7E4BCF2BF99CB1004226AD /* StripeOnboardingViewModel.swift */ = {isa = PBXFileReference; fileEncoding = 4; lastKnownFileType = sourcecode.swift; path = StripeOnboardingViewModel.swift; sourceTree = "<group>"; };
		2E7E4BD12BF99CBB004226AD /* TOSView.swift */ = {isa = PBXFileReference; fileEncoding = 4; lastKnownFileType = sourcecode.swift; path = TOSView.swift; sourceTree = "<group>"; };
		2E7E4BD32BF99CC0004226AD /* UpgradePremiumView.swift */ = {isa = PBXFileReference; fileEncoding = 4; lastKnownFileType = sourcecode.swift; path = UpgradePremiumView.swift; sourceTree = "<group>"; };
		2E7E4BD52BF99CC5004226AD /* WithdrawView.swift */ = {isa = PBXFileReference; fileEncoding = 4; lastKnownFileType = sourcecode.swift; path = WithdrawView.swift; sourceTree = "<group>"; };
		2E7E4BD82BF99CF2004226AD /* CreateAccountView.swift */ = {isa = PBXFileReference; fileEncoding = 4; lastKnownFileType = sourcecode.swift; path = CreateAccountView.swift; sourceTree = "<group>"; };
		2E7E4BDA2BF99CF6004226AD /* ErrorMessageModal.swift */ = {isa = PBXFileReference; fileEncoding = 4; lastKnownFileType = sourcecode.swift; path = ErrorMessageModal.swift; sourceTree = "<group>"; };
		2E7E4BDC2BF99CFB004226AD /* InitialView.swift */ = {isa = PBXFileReference; fileEncoding = 4; lastKnownFileType = sourcecode.swift; path = InitialView.swift; sourceTree = "<group>"; };
		2E7E4BDE2BF99D00004226AD /* LoginView.swift */ = {isa = PBXFileReference; fileEncoding = 4; lastKnownFileType = sourcecode.swift; path = LoginView.swift; sourceTree = "<group>"; };
		2E7E4BE02BF99D06004226AD /* PasswordResetModal.swift */ = {isa = PBXFileReference; fileEncoding = 4; lastKnownFileType = sourcecode.swift; path = PasswordResetModal.swift; sourceTree = "<group>"; };
		2E7E4BE22BF99D0B004226AD /* SplashScreen.swift */ = {isa = PBXFileReference; fileEncoding = 4; lastKnownFileType = sourcecode.swift; path = SplashScreen.swift; sourceTree = "<group>"; };
		2E7E4BE42BF99D5A004226AD /* Panic-Attack-Info.plist */ = {isa = PBXFileReference; lastKnownFileType = text.plist; path = "Panic-Attack-Info.plist"; sourceTree = SOURCE_ROOT; };
		2E7E4BFA2BF9A25D004226AD /* AboutView.swift */ = {isa = PBXFileReference; fileEncoding = 4; lastKnownFileType = sourcecode.swift; path = AboutView.swift; sourceTree = "<group>"; };
		2E84AB292BF996A900699D15 /* CurrentUserViewModel.swift */ = {isa = PBXFileReference; fileEncoding = 4; lastKnownFileType = sourcecode.swift; path = CurrentUserViewModel.swift; sourceTree = "<group>"; };
		2E84AB2B2BF996C800699D15 /* SceneDelegate.swift */ = {isa = PBXFileReference; fileEncoding = 4; lastKnownFileType = sourcecode.swift; path = SceneDelegate.swift; sourceTree = "<group>"; };
		2E84AB2C2BF996C800699D15 /* LocationViewModel.swift */ = {isa = PBXFileReference; fileEncoding = 4; lastKnownFileType = sourcecode.swift; path = LocationViewModel.swift; sourceTree = "<group>"; };
		2E84AB2D2BF996C800699D15 /* MotherView.swift */ = {isa = PBXFileReference; fileEncoding = 4; lastKnownFileType = sourcecode.swift; path = MotherView.swift; sourceTree = "<group>"; };
		2E84AB3A2BF997DC00699D15 /* AppDelegate.swift */ = {isa = PBXFileReference; lastKnownFileType = sourcecode.swift; path = AppDelegate.swift; sourceTree = "<group>"; };
		2E84AB3D2BF999A200699D15 /* Views.swift */ = {isa = PBXFileReference; lastKnownFileType = sourcecode.swift; path = Views.swift; sourceTree = "<group>"; };
		2E84AB3F2BF999B700699D15 /* Functions.swift */ = {isa = PBXFileReference; lastKnownFileType = sourcecode.swift; path = Functions.swift; sourceTree = "<group>"; };
		2E84AB412BF999C200699D15 /* Extensions.swift */ = {isa = PBXFileReference; lastKnownFileType = sourcecode.swift; path = Extensions.swift; sourceTree = "<group>"; };
		2E84AB432BF999D000699D15 /* CachedAsyncImageView.swift */ = {isa = PBXFileReference; lastKnownFileType = sourcecode.swift; path = CachedAsyncImageView.swift; sourceTree = "<group>"; };
		2E84AB472BF99A8700699D15 /* VideoUploadViewModel.swift */ = {isa = PBXFileReference; lastKnownFileType = sourcecode.swift; path = VideoUploadViewModel.swift; sourceTree = "<group>"; };
		2E84AB492BF99AA000699D15 /* VideoCaptureView.swift */ = {isa = PBXFileReference; lastKnownFileType = sourcecode.swift; path = VideoCaptureView.swift; sourceTree = "<group>"; };
		2E941B2F2C46E22000ECFA0A /* PrivacyPolicyView.swift */ = {isa = PBXFileReference; lastKnownFileType = sourcecode.swift; path = PrivacyPolicyView.swift; sourceTree = "<group>"; };
		2EA1763C2BF9B27800EE9DE1 /* Panic Attack.entitlements */ = {isa = PBXFileReference; lastKnownFileType = text.plist.entitlements; path = "Panic Attack.entitlements"; sourceTree = "<group>"; };
/* End PBXFileReference section */

/* Begin PBXFrameworksBuildPhase section */
		2E580A162BF98B9C00A5BC5B /* Frameworks */ = {
			isa = PBXFrameworksBuildPhase;
			buildActionMask = 2147483647;
			files = (
				2E7E4BF32BF9A0A3004226AD /* StripeIdentity in Frameworks */,
				2E7E4BF72BF9A0A3004226AD /* StripePayments in Frameworks */,
				2E7E4BEF2BF9A0A3004226AD /* StripeCardScan in Frameworks */,
				2E7E4BF12BF9A0A3004226AD /* StripeFinancialConnections in Frameworks */,
				2E7E4BEB2BF9A0A3004226AD /* Stripe in Frameworks */,
				2E7E4BF52BF9A0A3004226AD /* StripePaymentSheet in Frameworks */,
				2E7E4BF92BF9A0A3004226AD /* StripePaymentsUI in Frameworks */,
				2E84AB332BF9971200699D15 /* FirebaseAuth in Frameworks */,
				2E84AB392BF9971200699D15 /* FirebaseStorage in Frameworks */,
				2E7E4BED2BF9A0A3004226AD /* StripeApplePay in Frameworks */,
				2E84AB352BF9971200699D15 /* FirebaseFirestore in Frameworks */,
				2E84AB372BF9971200699D15 /* FirebaseFirestoreSwift in Frameworks */,
			);
			runOnlyForDeploymentPostprocessing = 0;
		};
/* End PBXFrameworksBuildPhase section */

/* Begin PBXGroup section */
		2E580A102BF98B9C00A5BC5B = {
			isa = PBXGroup;
			children = (
				2E580A2A2BF98BC300A5BC5B /* GoogleService-Info.plist */,
				2E84AB3A2BF997DC00699D15 /* AppDelegate.swift */,
				2E84AB2B2BF996C800699D15 /* SceneDelegate.swift */,
				2E580A1B2BF98B9C00A5BC5B /* Panic Attack */,
				2E580A1A2BF98B9C00A5BC5B /* Products */,
			);
			sourceTree = "<group>";
		};
		2E580A1A2BF98B9C00A5BC5B /* Products */ = {
			isa = PBXGroup;
			children = (
				2E580A192BF98B9C00A5BC5B /* Panic Attack.app */,
			);
			name = Products;
			sourceTree = "<group>";
		};
		2E580A1B2BF98B9C00A5BC5B /* Panic Attack */ = {
			isa = PBXGroup;
			children = (
				2EA1763C2BF9B27800EE9DE1 /* Panic Attack.entitlements */,
				2E7E4BE42BF99D5A004226AD /* Panic-Attack-Info.plist */,
				2E84AB2D2BF996C800699D15 /* MotherView.swift */,
				2E84AB2C2BF996C800699D15 /* LocationViewModel.swift */,
				2E84AB292BF996A900699D15 /* CurrentUserViewModel.swift */,
				2E84AB3C2BF9995A00699D15 /* Core */,
				2E84AB462BF99A3800699D15 /* Home */,
				2E7E4BD72BF99CE5004226AD /* Onboarding */,
				2E7E4BBC2BF99C3F004226AD /* Menu */,
				2E580A202BF98B9D00A5BC5B /* Assets.xcassets */,
				2E7E4BBA2BF99BA0004226AD /* Icons.xcassets */,
				2E580A222BF98B9D00A5BC5B /* Preview Content */,
			);
			path = "Panic Attack";
			sourceTree = "<group>";
		};
		2E580A222BF98B9D00A5BC5B /* Preview Content */ = {
			isa = PBXGroup;
			children = (
				2E580A232BF98B9D00A5BC5B /* Preview Assets.xcassets */,
			);
			path = "Preview Content";
			sourceTree = "<group>";
		};
		2E7DA3292C279ED3008530A0 /* Info & Checkout */ = {
			isa = PBXGroup;
			children = (
				2E7E4BCD2BF99CAC004226AD /* StoreManager.swift */,
				2E7E4BD32BF99CC0004226AD /* UpgradePremiumView.swift */,
			);
			name = "Info & Checkout";
			sourceTree = "<group>";
		};
		2E7E4BBC2BF99C3F004226AD /* Menu */ = {
			isa = PBXGroup;
			children = (
				2E7E4BFA2BF9A25D004226AD /* AboutView.swift */,
				2E7E4BD52BF99CC5004226AD /* WithdrawView.swift */,
				2E7DA3292C279ED3008530A0 /* Info & Checkout */,
				2E7E4BD12BF99CBB004226AD /* TOSView.swift */,
				2E941B2F2C46E22000ECFA0A /* PrivacyPolicyView.swift */,
				2E7E4BCF2BF99CB1004226AD /* StripeOnboardingViewModel.swift */,
				2E7E4BCB2BF99CA8004226AD /* SideMenuView.swift */,
				2E7E4BC92BF99CA3004226AD /* SettingsView.swift */,
				2E7E4BC72BF99C9E004226AD /* ImagePicker.swift */,
				2E7E4BC52BF99C99004226AD /* DeleteAccountView.swift */,
				2E7E4BC12BF99C8E004226AD /* ChangePasswordView.swift */,
				2E7E4BC32BF99C93004226AD /* ConnectStripeView.swift */,
				2E7E4BBD2BF99C82004226AD /* AdminSettingsView.swift */,
			);
			name = Menu;
			sourceTree = "<group>";
		};
		2E7E4BD72BF99CE5004226AD /* Onboarding */ = {
			isa = PBXGroup;
			children = (
				2E7E4BE22BF99D0B004226AD /* SplashScreen.swift */,
				2E7E4BE02BF99D06004226AD /* PasswordResetModal.swift */,
				2E7E4BDA2BF99CF6004226AD /* ErrorMessageModal.swift */,
				2E7E4BDC2BF99CFB004226AD /* InitialView.swift */,
				2E7E4BDE2BF99D00004226AD /* LoginView.swift */,
				2E7E4BD82BF99CF2004226AD /* CreateAccountView.swift */,
			);
			name = Onboarding;
			sourceTree = "<group>";
		};
		2E84AB3C2BF9995A00699D15 /* Core */ = {
			isa = PBXGroup;
			children = (
				2E84AB3D2BF999A200699D15 /* Views.swift */,
				2E84AB3F2BF999B700699D15 /* Functions.swift */,
				2E84AB412BF999C200699D15 /* Extensions.swift */,
				2E84AB432BF999D000699D15 /* CachedAsyncImageView.swift */,
			);
			name = Core;
			sourceTree = "<group>";
		};
		2E84AB462BF99A3800699D15 /* Home */ = {
			isa = PBXGroup;
			children = (
				2E84AB472BF99A8700699D15 /* VideoUploadViewModel.swift */,
				2E84AB492BF99AA000699D15 /* VideoCaptureView.swift */,
				2E7E4BAE2BF99AE1004226AD /* LocationAlertInfoView.swift */,
				2E7E4BB02BF99AFA004226AD /* InfoView.swift */,
				2E7E4BB22BF99B10004226AD /* HomeView.swift */,
				2E6BD83A2C325F87008056C9 /* ConfirmSafetyView.swift */,
				2E7E4BB42BF99B21004226AD /* CustomSearchBar.swift */,
				2E7E4BB62BF99B32004226AD /* CreateNewLocationView.swift */,
				2E7E4BB82BF99B3F004226AD /* ConfirmVideoUploadView.swift */,
			);
			name = Home;
			sourceTree = "<group>";
		};
/* End PBXGroup section */

/* Begin PBXNativeTarget section */
		2E580A182BF98B9C00A5BC5B /* Panic Attack */ = {
			isa = PBXNativeTarget;
			buildConfigurationList = 2E580A272BF98B9D00A5BC5B /* Build configuration list for PBXNativeTarget "Panic Attack" */;
			buildPhases = (
				2E580A152BF98B9C00A5BC5B /* Sources */,
				2E580A162BF98B9C00A5BC5B /* Frameworks */,
				2E580A172BF98B9C00A5BC5B /* Resources */,
			);
			buildRules = (
			);
			dependencies = (
			);
			name = "Panic Attack";
			packageProductDependencies = (
				2E84AB322BF9971200699D15 /* FirebaseAuth */,
				2E84AB342BF9971200699D15 /* FirebaseFirestore */,
				2E84AB362BF9971200699D15 /* FirebaseFirestoreSwift */,
				2E84AB382BF9971200699D15 /* FirebaseStorage */,
				2E7E4BEA2BF9A0A3004226AD /* Stripe */,
				2E7E4BEC2BF9A0A3004226AD /* StripeApplePay */,
				2E7E4BEE2BF9A0A3004226AD /* StripeCardScan */,
				2E7E4BF02BF9A0A3004226AD /* StripeFinancialConnections */,
				2E7E4BF22BF9A0A3004226AD /* StripeIdentity */,
				2E7E4BF42BF9A0A3004226AD /* StripePaymentSheet */,
				2E7E4BF62BF9A0A3004226AD /* StripePayments */,
				2E7E4BF82BF9A0A3004226AD /* StripePaymentsUI */,
			);
			productName = "Panic Attack";
			productReference = 2E580A192BF98B9C00A5BC5B /* Panic Attack.app */;
			productType = "com.apple.product-type.application";
		};
/* End PBXNativeTarget section */

/* Begin PBXProject section */
		2E580A112BF98B9C00A5BC5B /* Project object */ = {
			isa = PBXProject;
			attributes = {
				BuildIndependentTargetsInParallel = 1;
				LastSwiftUpdateCheck = 1540;
				LastUpgradeCheck = 1540;
				TargetAttributes = {
					2E580A182BF98B9C00A5BC5B = {
						CreatedOnToolsVersion = 15.4;
						LastSwiftMigration = 1540;
					};
				};
			};
			buildConfigurationList = 2E580A142BF98B9C00A5BC5B /* Build configuration list for PBXProject "Panic Attack" */;
			compatibilityVersion = "Xcode 14.0";
			developmentRegion = en;
			hasScannedForEncodings = 0;
			knownRegions = (
				en,
				Base,
			);
			mainGroup = 2E580A102BF98B9C00A5BC5B;
			packageReferences = (
				2E84AB312BF9971200699D15 /* XCRemoteSwiftPackageReference "firebase-ios-sdk" */,
				2E7E4BE92BF9A0A3004226AD /* XCRemoteSwiftPackageReference "stripe-ios-spm" */,
			);
			productRefGroup = 2E580A1A2BF98B9C00A5BC5B /* Products */;
			projectDirPath = "";
			projectRoot = "";
			targets = (
				2E580A182BF98B9C00A5BC5B /* Panic Attack */,
			);
		};
/* End PBXProject section */

/* Begin PBXResourcesBuildPhase section */
		2E580A172BF98B9C00A5BC5B /* Resources */ = {
			isa = PBXResourcesBuildPhase;
			buildActionMask = 2147483647;
			files = (
				2E580A242BF98B9D00A5BC5B /* Preview Assets.xcassets in Resources */,
				2E580A212BF98B9D00A5BC5B /* Assets.xcassets in Resources */,
				2E7E4BBB2BF99BA0004226AD /* Icons.xcassets in Resources */,
				2E580A2B2BF98BC300A5BC5B /* GoogleService-Info.plist in Resources */,
			);
			runOnlyForDeploymentPostprocessing = 0;
		};
/* End PBXResourcesBuildPhase section */

/* Begin PBXSourcesBuildPhase section */
		2E580A152BF98B9C00A5BC5B /* Sources */ = {
			isa = PBXSourcesBuildPhase;
			buildActionMask = 2147483647;
			files = (
				2E7E4BE32BF99D0B004226AD /* SplashScreen.swift in Sources */,
				2E7E4BDD2BF99CFB004226AD /* InitialView.swift in Sources */,
				2E84AB2A2BF996A900699D15 /* CurrentUserViewModel.swift in Sources */,
				2E7E4BB32BF99B10004226AD /* HomeView.swift in Sources */,
				2E7E4BB52BF99B21004226AD /* CustomSearchBar.swift in Sources */,
				2E7E4BC62BF99C99004226AD /* DeleteAccountView.swift in Sources */,
				2E84AB2E2BF996C800699D15 /* SceneDelegate.swift in Sources */,
				2E7E4BD22BF99CBB004226AD /* TOSView.swift in Sources */,
				2E7E4BE12BF99D06004226AD /* PasswordResetModal.swift in Sources */,
				2E84AB3E2BF999A200699D15 /* Views.swift in Sources */,
				2E84AB4A2BF99AA000699D15 /* VideoCaptureView.swift in Sources */,
				2E7E4BCC2BF99CA8004226AD /* SideMenuView.swift in Sources */,
				2E6BD83B2C325F87008056C9 /* ConfirmSafetyView.swift in Sources */,
				2E7E4BDF2BF99D00004226AD /* LoginView.swift in Sources */,
				2E7E4BC42BF99C93004226AD /* ConnectStripeView.swift in Sources */,
				2E7E4BD92BF99CF2004226AD /* CreateAccountView.swift in Sources */,
				2E7E4BCA2BF99CA3004226AD /* SettingsView.swift in Sources */,
				2E941B302C46E22000ECFA0A /* PrivacyPolicyView.swift in Sources */,
				2E7E4BD02BF99CB1004226AD /* StripeOnboardingViewModel.swift in Sources */,
				2E7E4BDB2BF99CF6004226AD /* ErrorMessageModal.swift in Sources */,
				2E7E4BC22BF99C8E004226AD /* ChangePasswordView.swift in Sources */,
				2E84AB482BF99A8700699D15 /* VideoUploadViewModel.swift in Sources */,
				2E7E4BB12BF99AFA004226AD /* InfoView.swift in Sources */,
				2E7E4BB72BF99B32004226AD /* CreateNewLocationView.swift in Sources */,
				2E7E4BC82BF99C9E004226AD /* ImagePicker.swift in Sources */,
				2E84AB442BF999D000699D15 /* CachedAsyncImageView.swift in Sources */,
				2E84AB422BF999C200699D15 /* Extensions.swift in Sources */,
				2E7E4BBE2BF99C82004226AD /* AdminSettingsView.swift in Sources */,
				2E7E4BFB2BF9A25D004226AD /* AboutView.swift in Sources */,
				2E84AB402BF999B700699D15 /* Functions.swift in Sources */,
				2E84AB2F2BF996C800699D15 /* LocationViewModel.swift in Sources */,
				2E7E4BCE2BF99CAC004226AD /* StoreManager.swift in Sources */,
				2E84AB3B2BF997DC00699D15 /* AppDelegate.swift in Sources */,
				2E7E4BAF2BF99AE1004226AD /* LocationAlertInfoView.swift in Sources */,
				2E7E4BD62BF99CC5004226AD /* WithdrawView.swift in Sources */,
				2E84AB302BF996C800699D15 /* MotherView.swift in Sources */,
				2E7E4BD42BF99CC0004226AD /* UpgradePremiumView.swift in Sources */,
				2E7E4BB92BF99B3F004226AD /* ConfirmVideoUploadView.swift in Sources */,
			);
			runOnlyForDeploymentPostprocessing = 0;
		};
/* End PBXSourcesBuildPhase section */

/* Begin XCBuildConfiguration section */
		2E580A252BF98B9D00A5BC5B /* Debug */ = {
			isa = XCBuildConfiguration;
			buildSettings = {
				ALWAYS_SEARCH_USER_PATHS = NO;
				ASSETCATALOG_COMPILER_GENERATE_SWIFT_ASSET_SYMBOL_EXTENSIONS = YES;
				CLANG_ANALYZER_NONNULL = YES;
				CLANG_ANALYZER_NUMBER_OBJECT_CONVERSION = YES_AGGRESSIVE;
				CLANG_CXX_LANGUAGE_STANDARD = "gnu++20";
				CLANG_ENABLE_MODULES = YES;
				CLANG_ENABLE_OBJC_ARC = YES;
				CLANG_ENABLE_OBJC_WEAK = YES;
				CLANG_WARN_BLOCK_CAPTURE_AUTORELEASING = YES;
				CLANG_WARN_BOOL_CONVERSION = YES;
				CLANG_WARN_COMMA = YES;
				CLANG_WARN_CONSTANT_CONVERSION = YES;
				CLANG_WARN_DEPRECATED_OBJC_IMPLEMENTATIONS = YES;
				CLANG_WARN_DIRECT_OBJC_ISA_USAGE = YES_ERROR;
				CLANG_WARN_DOCUMENTATION_COMMENTS = YES;
				CLANG_WARN_EMPTY_BODY = YES;
				CLANG_WARN_ENUM_CONVERSION = YES;
				CLANG_WARN_INFINITE_RECURSION = YES;
				CLANG_WARN_INT_CONVERSION = YES;
				CLANG_WARN_NON_LITERAL_NULL_CONVERSION = YES;
				CLANG_WARN_OBJC_IMPLICIT_RETAIN_SELF = YES;
				CLANG_WARN_OBJC_LITERAL_CONVERSION = YES;
				CLANG_WARN_OBJC_ROOT_CLASS = YES_ERROR;
				CLANG_WARN_QUOTED_INCLUDE_IN_FRAMEWORK_HEADER = YES;
				CLANG_WARN_RANGE_LOOP_ANALYSIS = YES;
				CLANG_WARN_STRICT_PROTOTYPES = YES;
				CLANG_WARN_SUSPICIOUS_MOVE = YES;
				CLANG_WARN_UNGUARDED_AVAILABILITY = YES_AGGRESSIVE;
				CLANG_WARN_UNREACHABLE_CODE = YES;
				CLANG_WARN__DUPLICATE_METHOD_MATCH = YES;
				COPY_PHASE_STRIP = NO;
				DEBUG_INFORMATION_FORMAT = dwarf;
				ENABLE_STRICT_OBJC_MSGSEND = YES;
				ENABLE_TESTABILITY = YES;
				ENABLE_USER_SCRIPT_SANDBOXING = YES;
				GCC_C_LANGUAGE_STANDARD = gnu17;
				GCC_DYNAMIC_NO_PIC = NO;
				GCC_NO_COMMON_BLOCKS = YES;
				GCC_OPTIMIZATION_LEVEL = 0;
				GCC_PREPROCESSOR_DEFINITIONS = (
					"DEBUG=1",
					"$(inherited)",
				);
				GCC_WARN_64_TO_32_BIT_CONVERSION = YES;
				GCC_WARN_ABOUT_RETURN_TYPE = YES_ERROR;
				GCC_WARN_UNDECLARED_SELECTOR = YES;
				GCC_WARN_UNINITIALIZED_AUTOS = YES_AGGRESSIVE;
				GCC_WARN_UNUSED_FUNCTION = YES;
				GCC_WARN_UNUSED_VARIABLE = YES;
				IPHONEOS_DEPLOYMENT_TARGET = 17.5;
				LOCALIZATION_PREFERS_STRING_CATALOGS = YES;
				MTL_ENABLE_DEBUG_INFO = INCLUDE_SOURCE;
				MTL_FAST_MATH = YES;
				ONLY_ACTIVE_ARCH = YES;
				SDKROOT = iphoneos;
				SWIFT_ACTIVE_COMPILATION_CONDITIONS = "DEBUG $(inherited)";
				SWIFT_OPTIMIZATION_LEVEL = "-Onone";
			};
			name = Debug;
		};
		2E580A262BF98B9D00A5BC5B /* Release */ = {
			isa = XCBuildConfiguration;
			buildSettings = {
				ALWAYS_SEARCH_USER_PATHS = NO;
				ASSETCATALOG_COMPILER_GENERATE_SWIFT_ASSET_SYMBOL_EXTENSIONS = YES;
				CLANG_ANALYZER_NONNULL = YES;
				CLANG_ANALYZER_NUMBER_OBJECT_CONVERSION = YES_AGGRESSIVE;
				CLANG_CXX_LANGUAGE_STANDARD = "gnu++20";
				CLANG_ENABLE_MODULES = YES;
				CLANG_ENABLE_OBJC_ARC = YES;
				CLANG_ENABLE_OBJC_WEAK = YES;
				CLANG_WARN_BLOCK_CAPTURE_AUTORELEASING = YES;
				CLANG_WARN_BOOL_CONVERSION = YES;
				CLANG_WARN_COMMA = YES;
				CLANG_WARN_CONSTANT_CONVERSION = YES;
				CLANG_WARN_DEPRECATED_OBJC_IMPLEMENTATIONS = YES;
				CLANG_WARN_DIRECT_OBJC_ISA_USAGE = YES_ERROR;
				CLANG_WARN_DOCUMENTATION_COMMENTS = YES;
				CLANG_WARN_EMPTY_BODY = YES;
				CLANG_WARN_ENUM_CONVERSION = YES;
				CLANG_WARN_INFINITE_RECURSION = YES;
				CLANG_WARN_INT_CONVERSION = YES;
				CLANG_WARN_NON_LITERAL_NULL_CONVERSION = YES;
				CLANG_WARN_OBJC_IMPLICIT_RETAIN_SELF = YES;
				CLANG_WARN_OBJC_LITERAL_CONVERSION = YES;
				CLANG_WARN_OBJC_ROOT_CLASS = YES_ERROR;
				CLANG_WARN_QUOTED_INCLUDE_IN_FRAMEWORK_HEADER = YES;
				CLANG_WARN_RANGE_LOOP_ANALYSIS = YES;
				CLANG_WARN_STRICT_PROTOTYPES = YES;
				CLANG_WARN_SUSPICIOUS_MOVE = YES;
				CLANG_WARN_UNGUARDED_AVAILABILITY = YES_AGGRESSIVE;
				CLANG_WARN_UNREACHABLE_CODE = YES;
				CLANG_WARN__DUPLICATE_METHOD_MATCH = YES;
				COPY_PHASE_STRIP = NO;
				DEBUG_INFORMATION_FORMAT = "dwarf-with-dsym";
				ENABLE_NS_ASSERTIONS = NO;
				ENABLE_STRICT_OBJC_MSGSEND = YES;
				ENABLE_USER_SCRIPT_SANDBOXING = YES;
				GCC_C_LANGUAGE_STANDARD = gnu17;
				GCC_NO_COMMON_BLOCKS = YES;
				GCC_WARN_64_TO_32_BIT_CONVERSION = YES;
				GCC_WARN_ABOUT_RETURN_TYPE = YES_ERROR;
				GCC_WARN_UNDECLARED_SELECTOR = YES;
				GCC_WARN_UNINITIALIZED_AUTOS = YES_AGGRESSIVE;
				GCC_WARN_UNUSED_FUNCTION = YES;
				GCC_WARN_UNUSED_VARIABLE = YES;
				IPHONEOS_DEPLOYMENT_TARGET = 17.5;
				LOCALIZATION_PREFERS_STRING_CATALOGS = YES;
				MTL_ENABLE_DEBUG_INFO = NO;
				MTL_FAST_MATH = YES;
				SDKROOT = iphoneos;
				SWIFT_COMPILATION_MODE = wholemodule;
				VALIDATE_PRODUCT = YES;
			};
			name = Release;
		};
		2E580A282BF98B9D00A5BC5B /* Debug */ = {
			isa = XCBuildConfiguration;
			buildSettings = {
				ASSETCATALOG_COMPILER_APPICON_NAME = AppIcon;
				ASSETCATALOG_COMPILER_GLOBAL_ACCENT_COLOR_NAME = AccentColor;
				CLANG_ENABLE_MODULES = YES;
				CODE_SIGN_ENTITLEMENTS = "Panic Attack/Panic Attack.entitlements";
				CODE_SIGN_STYLE = Automatic;
				CURRENT_PROJECT_VERSION = 1;
				DEVELOPMENT_ASSET_PATHS = "\"Panic Attack/Preview Content\"";
				DEVELOPMENT_TEAM = P7ZDU72RL8;
				ENABLE_PREVIEWS = YES;
				GENERATE_INFOPLIST_FILE = YES;
				INFOPLIST_FILE = "Panic-Attack-Info.plist";
				INFOPLIST_KEY_NSCameraUsageDescription = "This is used to record video footage of alerts";
				INFOPLIST_KEY_NSLocationAlwaysUsageDescription = "We use this to display the location of alerts within a 10 mile radius of you";
				INFOPLIST_KEY_NSLocationWhenInUseUsageDescription = "We use this to display the location of alerts within a 10 mile radius of you";
				INFOPLIST_KEY_NSMicrophoneUsageDescription = "This is used to capture the audio from video footage you upload to the community";
				INFOPLIST_KEY_UIApplicationSupportsIndirectInputEvents = YES;
				INFOPLIST_KEY_UILaunchScreen_Generation = YES;
				INFOPLIST_KEY_UISupportedInterfaceOrientations_iPad = "UIInterfaceOrientationPortrait UIInterfaceOrientationPortraitUpsideDown UIInterfaceOrientationLandscapeLeft UIInterfaceOrientationLandscapeRight";
				INFOPLIST_KEY_UISupportedInterfaceOrientations_iPhone = "UIInterfaceOrientationPortrait UIInterfaceOrientationLandscapeLeft UIInterfaceOrientationLandscapeRight";
				INFOPLIST_KEY_UIUserInterfaceStyle = Dark;
				IPHONEOS_DEPLOYMENT_TARGET = 17.2;
				LD_RUNPATH_SEARCH_PATHS = (
					"$(inherited)",
					"@executable_path/Frameworks",
				);
				MARKETING_VERSION = 1.01;
				PRODUCT_BUNDLE_IDENTIFIER = com.locale.localeios;
				PRODUCT_NAME = "$(TARGET_NAME)";
				SWIFT_EMIT_LOC_STRINGS = YES;
				SWIFT_OBJC_BRIDGING_HEADER = "Panic Attack-Bridging-Header.h";
				SWIFT_OPTIMIZATION_LEVEL = "-Onone";
				SWIFT_VERSION = 5.0;
				TARGETED_DEVICE_FAMILY = "1,2";
			};
			name = Debug;
		};
		2E580A292BF98B9D00A5BC5B /* Release */ = {
			isa = XCBuildConfiguration;
			buildSettings = {
				ASSETCATALOG_COMPILER_APPICON_NAME = AppIcon;
				ASSETCATALOG_COMPILER_GLOBAL_ACCENT_COLOR_NAME = AccentColor;
				CLANG_ENABLE_MODULES = YES;
				CODE_SIGN_ENTITLEMENTS = "Panic Attack/Panic Attack.entitlements";
				CODE_SIGN_STYLE = Automatic;
				CURRENT_PROJECT_VERSION = 1;
				DEVELOPMENT_ASSET_PATHS = "\"Panic Attack/Preview Content\"";
				DEVELOPMENT_TEAM = P7ZDU72RL8;
				ENABLE_PREVIEWS = YES;
				GENERATE_INFOPLIST_FILE = YES;
				INFOPLIST_FILE = "Panic-Attack-Info.plist";
				INFOPLIST_KEY_NSCameraUsageDescription = "This is used to record video footage of alerts";
				INFOPLIST_KEY_NSLocationAlwaysUsageDescription = "We use this to display the location of alerts within a 10 mile radius of you";
				INFOPLIST_KEY_NSLocationWhenInUseUsageDescription = "We use this to display the location of alerts within a 10 mile radius of you";
				INFOPLIST_KEY_NSMicrophoneUsageDescription = "This is used to capture the audio from video footage you upload to the community";
				INFOPLIST_KEY_UIApplicationSupportsIndirectInputEvents = YES;
				INFOPLIST_KEY_UILaunchScreen_Generation = YES;
				INFOPLIST_KEY_UISupportedInterfaceOrientations_iPad = "UIInterfaceOrientationPortrait UIInterfaceOrientationPortraitUpsideDown UIInterfaceOrientationLandscapeLeft UIInterfaceOrientationLandscapeRight";
				INFOPLIST_KEY_UISupportedInterfaceOrientations_iPhone = "UIInterfaceOrientationPortrait UIInterfaceOrientationLandscapeLeft UIInterfaceOrientationLandscapeRight";
				INFOPLIST_KEY_UIUserInterfaceStyle = Dark;
				IPHONEOS_DEPLOYMENT_TARGET = 17.2;
				LD_RUNPATH_SEARCH_PATHS = (
					"$(inherited)",
					"@executable_path/Frameworks",
				);
				MARKETING_VERSION = 1.01;
				PRODUCT_BUNDLE_IDENTIFIER = com.locale.localeios;
				PRODUCT_NAME = "$(TARGET_NAME)";
				SWIFT_EMIT_LOC_STRINGS = YES;
				SWIFT_OBJC_BRIDGING_HEADER = "Panic Attack-Bridging-Header.h";
				SWIFT_VERSION = 5.0;
				TARGETED_DEVICE_FAMILY = "1,2";
			};
			name = Release;
		};
/* End XCBuildConfiguration section */

/* Begin XCConfigurationList section */
		2E580A142BF98B9C00A5BC5B /* Build configuration list for PBXProject "Panic Attack" */ = {
			isa = XCConfigurationList;
			buildConfigurations = (
				2E580A252BF98B9D00A5BC5B /* Debug */,
				2E580A262BF98B9D00A5BC5B /* Release */,
			);
			defaultConfigurationIsVisible = 0;
			defaultConfigurationName = Release;
		};
		2E580A272BF98B9D00A5BC5B /* Build configuration list for PBXNativeTarget "Panic Attack" */ = {
			isa = XCConfigurationList;
			buildConfigurations = (
				2E580A282BF98B9D00A5BC5B /* Debug */,
				2E580A292BF98B9D00A5BC5B /* Release */,
			);
			defaultConfigurationIsVisible = 0;
			defaultConfigurationName = Release;
		};
/* End XCConfigurationList section */

/* Begin XCRemoteSwiftPackageReference section */
		2E7E4BE92BF9A0A3004226AD /* XCRemoteSwiftPackageReference "stripe-ios-spm" */ = {
			isa = XCRemoteSwiftPackageReference;
			repositoryURL = "https://github.com/stripe/stripe-ios-spm";
			requirement = {
				kind = upToNextMajorVersion;
				minimumVersion = 23.27.2;
			};
		};
		2E84AB312BF9971200699D15 /* XCRemoteSwiftPackageReference "firebase-ios-sdk" */ = {
			isa = XCRemoteSwiftPackageReference;
			repositoryURL = "https://github.com/firebase/firebase-ios-sdk";
			requirement = {
				kind = upToNextMajorVersion;
				minimumVersion = 10.26.0;
			};
		};
/* End XCRemoteSwiftPackageReference section */

/* Begin XCSwiftPackageProductDependency section */
		2E7E4BEA2BF9A0A3004226AD /* Stripe */ = {
			isa = XCSwiftPackageProductDependency;
			package = 2E7E4BE92BF9A0A3004226AD /* XCRemoteSwiftPackageReference "stripe-ios-spm" */;
			productName = Stripe;
		};
		2E7E4BEC2BF9A0A3004226AD /* StripeApplePay */ = {
			isa = XCSwiftPackageProductDependency;
			package = 2E7E4BE92BF9A0A3004226AD /* XCRemoteSwiftPackageReference "stripe-ios-spm" */;
			productName = StripeApplePay;
		};
		2E7E4BEE2BF9A0A3004226AD /* StripeCardScan */ = {
			isa = XCSwiftPackageProductDependency;
			package = 2E7E4BE92BF9A0A3004226AD /* XCRemoteSwiftPackageReference "stripe-ios-spm" */;
			productName = StripeCardScan;
		};
		2E7E4BF02BF9A0A3004226AD /* StripeFinancialConnections */ = {
			isa = XCSwiftPackageProductDependency;
			package = 2E7E4BE92BF9A0A3004226AD /* XCRemoteSwiftPackageReference "stripe-ios-spm" */;
			productName = StripeFinancialConnections;
		};
		2E7E4BF22BF9A0A3004226AD /* StripeIdentity */ = {
			isa = XCSwiftPackageProductDependency;
			package = 2E7E4BE92BF9A0A3004226AD /* XCRemoteSwiftPackageReference "stripe-ios-spm" */;
			productName = StripeIdentity;
		};
		2E7E4BF42BF9A0A3004226AD /* StripePaymentSheet */ = {
			isa = XCSwiftPackageProductDependency;
			package = 2E7E4BE92BF9A0A3004226AD /* XCRemoteSwiftPackageReference "stripe-ios-spm" */;
			productName = StripePaymentSheet;
		};
		2E7E4BF62BF9A0A3004226AD /* StripePayments */ = {
			isa = XCSwiftPackageProductDependency;
			package = 2E7E4BE92BF9A0A3004226AD /* XCRemoteSwiftPackageReference "stripe-ios-spm" */;
			productName = StripePayments;
		};
		2E7E4BF82BF9A0A3004226AD /* StripePaymentsUI */ = {
			isa = XCSwiftPackageProductDependency;
			package = 2E7E4BE92BF9A0A3004226AD /* XCRemoteSwiftPackageReference "stripe-ios-spm" */;
			productName = StripePaymentsUI;
		};
		2E84AB322BF9971200699D15 /* FirebaseAuth */ = {
			isa = XCSwiftPackageProductDependency;
			package = 2E84AB312BF9971200699D15 /* XCRemoteSwiftPackageReference "firebase-ios-sdk" */;
			productName = FirebaseAuth;
		};
		2E84AB342BF9971200699D15 /* FirebaseFirestore */ = {
			isa = XCSwiftPackageProductDependency;
			package = 2E84AB312BF9971200699D15 /* XCRemoteSwiftPackageReference "firebase-ios-sdk" */;
			productName = FirebaseFirestore;
		};
		2E84AB362BF9971200699D15 /* FirebaseFirestoreSwift */ = {
			isa = XCSwiftPackageProductDependency;
			package = 2E84AB312BF9971200699D15 /* XCRemoteSwiftPackageReference "firebase-ios-sdk" */;
			productName = FirebaseFirestoreSwift;
		};
		2E84AB382BF9971200699D15 /* FirebaseStorage */ = {
			isa = XCSwiftPackageProductDependency;
			package = 2E84AB312BF9971200699D15 /* XCRemoteSwiftPackageReference "firebase-ios-sdk" */;
			productName = FirebaseStorage;
		};
/* End XCSwiftPackageProductDependency section */
	};
	rootObject = 2E580A112BF98B9C00A5BC5B /* Project object */;
}
